
Microsoft Visual Studio Solution File, Format Version 12.00
# Visual Studio Version 16
VisualStudioVersion = 16.0.31613.86
MinimumVisualStudioVersion = 10.0.40219.1
Project("{FAE04EC0-301F-11D3-BF4B-00C04F79EFBC}") = "Miller_FinalExam", "Miller_FinalExam\Miller_FinalExam.csproj", "{9E630A1B-3E81-47F1-B2DD-CFFDBCB9C229}"
EndProject
Global
	GlobalSection(SolutionConfigurationPlatforms) = preSolution
		Debug|Any CPU = Debug|Any CPU
		Release|Any CPU = Release|Any CPU
	EndGlobalSection
	GlobalSection(ProjectConfigurationPlatforms) = postSolution
		{9E630A1B-3E81-47F1-B2DD-CFFDBCB9C229}.Debug|Any CPU.ActiveCfg = Debug|Any CPU
		{9E630A1B-3E81-47F1-B2DD-CFFDBCB9C229}.Debug|Any CPU.Build.0 = Debug|Any CPU
		{9E630A1B-3E81-47F1-B2DD-CFFDBCB9C229}.Release|Any CPU.ActiveCfg = Release|Any CPU
		{9E630A1B-3E81-47F1-B2DD-CFFDBCB9C229}.Release|Any CPU.Build.0 = Release|Any CPU
	EndGlobalSection
	GlobalSection(SolutionProperties) = preSolution
		HideSolutionNode = FALSE
	EndGlobalSection
	GlobalSection(ExtensibilityGlobals) = postSolution
		SolutionGuid = {51D2785F-559C-48AD-9682-5CB053E1821B}
	EndGlobalSection
EndGlobal
