
Microsoft Visual Studio Solution File, Format Version 12.00
# Visual Studio Version 16
VisualStudioVersion = 16.0.31613.86
MinimumVisualStudioVersion = 10.0.40219.1
Project("{8BC9CEB8-8B4A-11D0-8D11-00A0C91BC942}") = "miller_Assignment7", "miller_Assignment7\miller_Assignment7.vcxproj", "{54AA40F2-75C2-48D1-ADA0-599E300182B8}"
EndProject
Global
	GlobalSection(SolutionConfigurationPlatforms) = preSolution
		Debug|x64 = Debug|x64
		Debug|x86 = Debug|x86
		Release|x64 = Release|x64
		Release|x86 = Release|x86
	EndGlobalSection
	GlobalSection(ProjectConfigurationPlatforms) = postSolution
		{54AA40F2-75C2-48D1-ADA0-599E300182B8}.Debug|x64.ActiveCfg = Debug|x64
		{54AA40F2-75C2-48D1-ADA0-599E300182B8}.Debug|x64.Build.0 = Debug|x64
		{54AA40F2-75C2-48D1-ADA0-599E300182B8}.Debug|x86.ActiveCfg = Debug|Win32
		{54AA40F2-75C2-48D1-ADA0-599E300182B8}.Debug|x86.Build.0 = Debug|Win32
		{54AA40F2-75C2-48D1-ADA0-599E300182B8}.Release|x64.ActiveCfg = Release|x64
		{54AA40F2-75C2-48D1-ADA0-599E300182B8}.Release|x64.Build.0 = Release|x64
		{54AA40F2-75C2-48D1-ADA0-599E300182B8}.Release|x86.ActiveCfg = Release|Win32
		{54AA40F2-75C2-48D1-ADA0-599E300182B8}.Release|x86.Build.0 = Release|Win32
	EndGlobalSection
	GlobalSection(SolutionProperties) = preSolution
		HideSolutionNode = FALSE
	EndGlobalSection
	GlobalSection(ExtensibilityGlobals) = postSolution
		SolutionGuid = {3C739993-0189-401A-94FF-C18D55233888}
	EndGlobalSection
EndGlobal
