
Microsoft Visual Studio Solution File, Format Version 12.00
# Visual Studio Version 16
VisualStudioVersion = 16.0.31613.86
MinimumVisualStudioVersion = 10.0.40219.1
Project("{FAE04EC0-301F-11D3-BF4B-00C04F79EFBC}") = "Miller_TicTacToeInheritance", "Miller_TicTacToeInheritance\Miller_TicTacToeInheritance.csproj", "{3DEE7D1E-712D-40A2-B275-C2748B56AB9C}"
EndProject
Global
	GlobalSection(SolutionConfigurationPlatforms) = preSolution
		Debug|Any CPU = Debug|Any CPU
		Release|Any CPU = Release|Any CPU
	EndGlobalSection
	GlobalSection(ProjectConfigurationPlatforms) = postSolution
		{3DEE7D1E-712D-40A2-B275-C2748B56AB9C}.Debug|Any CPU.ActiveCfg = Debug|Any CPU
		{3DEE7D1E-712D-40A2-B275-C2748B56AB9C}.Debug|Any CPU.Build.0 = Debug|Any CPU
		{3DEE7D1E-712D-40A2-B275-C2748B56AB9C}.Release|Any CPU.ActiveCfg = Release|Any CPU
		{3DEE7D1E-712D-40A2-B275-C2748B56AB9C}.Release|Any CPU.Build.0 = Release|Any CPU
	EndGlobalSection
	GlobalSection(SolutionProperties) = preSolution
		HideSolutionNode = FALSE
	EndGlobalSection
	GlobalSection(ExtensibilityGlobals) = postSolution
		SolutionGuid = {4B36237F-F994-4AA1-BFCC-39CCFC734042}
	EndGlobalSection
EndGlobal
