
Microsoft Visual Studio Solution File, Format Version 12.00
# Visual Studio Version 16
VisualStudioVersion = 16.0.31613.86
MinimumVisualStudioVersion = 10.0.40219.1
Project("{8BC9CEB8-8B4A-11D0-8D11-00A0C91BC942}") = "miller_Assignment5", "miller_Assignment5\miller_Assignment5.vcxproj", "{5EDD749F-7939-4DC5-8A2E-5D327D63BD0C}"
EndProject
Global
	GlobalSection(SolutionConfigurationPlatforms) = preSolution
		Debug|x64 = Debug|x64
		Debug|x86 = Debug|x86
		Release|x64 = Release|x64
		Release|x86 = Release|x86
	EndGlobalSection
	GlobalSection(ProjectConfigurationPlatforms) = postSolution
		{5EDD749F-7939-4DC5-8A2E-5D327D63BD0C}.Debug|x64.ActiveCfg = Debug|x64
		{5EDD749F-7939-4DC5-8A2E-5D327D63BD0C}.Debug|x64.Build.0 = Debug|x64
		{5EDD749F-7939-4DC5-8A2E-5D327D63BD0C}.Debug|x86.ActiveCfg = Debug|Win32
		{5EDD749F-7939-4DC5-8A2E-5D327D63BD0C}.Debug|x86.Build.0 = Debug|Win32
		{5EDD749F-7939-4DC5-8A2E-5D327D63BD0C}.Release|x64.ActiveCfg = Release|x64
		{5EDD749F-7939-4DC5-8A2E-5D327D63BD0C}.Release|x64.Build.0 = Release|x64
		{5EDD749F-7939-4DC5-8A2E-5D327D63BD0C}.Release|x86.ActiveCfg = Release|Win32
		{5EDD749F-7939-4DC5-8A2E-5D327D63BD0C}.Release|x86.Build.0 = Release|Win32
	EndGlobalSection
	GlobalSection(SolutionProperties) = preSolution
		HideSolutionNode = FALSE
	EndGlobalSection
	GlobalSection(ExtensibilityGlobals) = postSolution
		SolutionGuid = {35C04FDB-F2D8-454A-BBCA-067918138880}
	EndGlobalSection
EndGlobal
