
Microsoft Visual Studio Solution File, Format Version 12.00
# Visual Studio Version 16
VisualStudioVersion = 16.0.31613.86
MinimumVisualStudioVersion = 10.0.40219.1
Project("{FAE04EC0-301F-11D3-BF4B-00C04F79EFBC}") = "Miller_RectanglesApp", "Miller_RectanglesApp\Miller_RectanglesApp.csproj", "{CFB84106-60AB-4258-BF7B-6C54BED03420}"
EndProject
Global
	GlobalSection(SolutionConfigurationPlatforms) = preSolution
		Debug|Any CPU = Debug|Any CPU
		Release|Any CPU = Release|Any CPU
	EndGlobalSection
	GlobalSection(ProjectConfigurationPlatforms) = postSolution
		{CFB84106-60AB-4258-BF7B-6C54BED03420}.Debug|Any CPU.ActiveCfg = Debug|Any CPU
		{CFB84106-60AB-4258-BF7B-6C54BED03420}.Debug|Any CPU.Build.0 = Debug|Any CPU
		{CFB84106-60AB-4258-BF7B-6C54BED03420}.Release|Any CPU.ActiveCfg = Release|Any CPU
		{CFB84106-60AB-4258-BF7B-6C54BED03420}.Release|Any CPU.Build.0 = Release|Any CPU
	EndGlobalSection
	GlobalSection(SolutionProperties) = preSolution
		HideSolutionNode = FALSE
	EndGlobalSection
	GlobalSection(ExtensibilityGlobals) = postSolution
		SolutionGuid = {9EB60799-4FD1-4380-8F5B-A5D4BFC8F5D6}
	EndGlobalSection
EndGlobal
